
Microsoft Visual Studio Solution File, Format Version 12.00
# Visual Studio 15
VisualStudioVersion = 15.0.26430.6
MinimumVisualStudioVersion = 10.0.40219.1
Project("{8BC9CEB8-8B4A-11D0-8D11-00A0C91BC942}") = "Course_Work", "Course_Work\Course_Work.vcxproj", "{74EC72E0-C760-4EFF-9E38-002A89D851F8}"
EndProject
Global
	GlobalSection(SolutionConfigurationPlatforms) = preSolution
		Debug|Win32 = Debug|Win32
		Debug|x64 = Debug|x64
		Release|Win32 = Release|Win32
		Release|x64 = Release|x64
	EndGlobalSection
	GlobalSection(ProjectConfigurationPlatforms) = postSolution
		{74EC72E0-C760-4EFF-9E38-002A89D851F8}.Debug|Win32.ActiveCfg = Debug|Win32
		{74EC72E0-C760-4EFF-9E38-002A89D851F8}.Debug|Win32.Build.0 = Debug|Win32
		{74EC72E0-C760-4EFF-9E38-002A89D851F8}.Debug|x64.ActiveCfg = Debug|x64
		{74EC72E0-C760-4EFF-9E38-002A89D851F8}.Debug|x64.Build.0 = Debug|x64
		{74EC72E0-C760-4EFF-9E38-002A89D851F8}.Release|Win32.ActiveCfg = Release|Win32
		{74EC72E0-C760-4EFF-9E38-002A89D851F8}.Release|Win32.Build.0 = Release|Win32
		{74EC72E0-C760-4EFF-9E38-002A89D851F8}.Release|x64.ActiveCfg = Release|x64
		{74EC72E0-C760-4EFF-9E38-002A89D851F8}.Release|x64.Build.0 = Release|x64
	EndGlobalSection
	GlobalSection(SolutionProperties) = preSolution
		HideSolutionNode = FALSE
	EndGlobalSection
EndGlobal
